{
  "sources": {
    "apt": {
      "locked_version": "2.3.10"
    },
    "build-essential": {
      "locked_version": "2.0.0"
    },
    "python": {
      "locked_version": "1.4.6"
    },
    "apache2": {
      "locked_version": "1.10.4"
    },
    "mysql": {
      "locked_version": "5.2.2"
    },
    "database": {
      "locked_version": "2.1.8"
    },
    "redisio": {
      "locked_version": "1.7.1"
    },
    "runit": {
      "locked_version": "1.5.10"
    },
    "yum-epel": {
      "locked_version": "0.3.6"
    },
    "yum": {
      "locked_version": "3.2.0"
    },
    "iptables": {
      "locked_version": "0.13.2"
    },
    "logrotate": {
      "locked_version": "1.5.0"
    },
    "pacman": {
      "locked_version": "1.1.1"
    },
    "postgresql": {
      "locked_version": "3.3.4"
    },
    "openssl": {
      "locked_version": "1.1.0"
    },
    "aws": {
      "locked_version": "2.2.0"
    },
    "xfs": {
      "locked_version": "1.1.0"
    },
    "mysql-chef_gem": {
      "locked_version": "0.0.2"
    },
    "ulimit": {
      "locked_version": "0.3.2"
    }
  }
}
